// !$*UTF8*$!
{
	archiveVersion = 1;
	classes = {
	};
	objectVersion = 46;
	objects = {

/* Begin PBXBuildFile section */
		9FAB50161AB92A9900D8500E /* HeartRateViewController.swift in Sources */ = {isa = PBXBuildFile; fileRef = 9FAB50151AB92A9900D8500E /* HeartRateViewController.swift */; };
		9FAB50181AB92BA400D8500E /* VideoAnalgesic.swift in Sources */ = {isa = PBXBuildFile; fileRef = 9FAB50171AB92BA400D8500E /* VideoAnalgesic.swift */; };
		9FBA6F101AAD39A800F1EB4C /* AppDelegate.swift in Sources */ = {isa = PBXBuildFile; fileRef = 9FBA6F0F1AAD39A800F1EB4C /* AppDelegate.swift */; };
		9FBA6F151AAD39A800F1EB4C /* Main.storyboard in Resources */ = {isa = PBXBuildFile; fileRef = 9FBA6F131AAD39A800F1EB4C /* Main.storyboard */; };
		9FBA6F171AAD39A800F1EB4C /* Images.xcassets in Resources */ = {isa = PBXBuildFile; fileRef = 9FBA6F161AAD39A800F1EB4C /* Images.xcassets */; };
		9FBA6F1A1AAD39A800F1EB4C /* LaunchScreen.xib in Resources */ = {isa = PBXBuildFile; fileRef = 9FBA6F181AAD39A800F1EB4C /* LaunchScreen.xib */; };
		9FBA6F261AAD39A800F1EB4C /* LabFourTests.swift in Sources */ = {isa = PBXBuildFile; fileRef = 9FBA6F251AAD39A800F1EB4C /* LabFourTests.swift */; };
		9FBA6F301AAD3C0900F1EB4C /* FaceViewController.swift in Sources */ = {isa = PBXBuildFile; fileRef = 9FBA6F2F1AAD3C0900F1EB4C /* FaceViewController.swift */; };
/* End PBXBuildFile section */

/* Begin PBXContainerItemProxy section */
		9FBA6F201AAD39A800F1EB4C /* PBXContainerItemProxy */ = {
			isa = PBXContainerItemProxy;
			containerPortal = 9FBA6F021AAD39A700F1EB4C /* Project object */;
			proxyType = 1;
			remoteGlobalIDString = 9FBA6F091AAD39A700F1EB4C;
			remoteInfo = LabFour;
		};
/* End PBXContainerItemProxy section */

/* Begin PBXFileReference section */
		9FAB50151AB92A9900D8500E /* HeartRateViewController.swift */ = {isa = PBXFileReference; fileEncoding = 4; lastKnownFileType = sourcecode.swift; path = HeartRateViewController.swift; sourceTree = "<group>"; };
		9FAB50171AB92BA400D8500E /* VideoAnalgesic.swift */ = {isa = PBXFileReference; fileEncoding = 4; lastKnownFileType = sourcecode.swift; path = VideoAnalgesic.swift; sourceTree = "<group>"; };
		9FBA6F0A1AAD39A800F1EB4C /* LabFour.app */ = {isa = PBXFileReference; explicitFileType = wrapper.application; includeInIndex = 0; path = LabFour.app; sourceTree = BUILT_PRODUCTS_DIR; };
		9FBA6F0E1AAD39A800F1EB4C /* Info.plist */ = {isa = PBXFileReference; lastKnownFileType = text.plist.xml; path = Info.plist; sourceTree = "<group>"; };
		9FBA6F0F1AAD39A800F1EB4C /* AppDelegate.swift */ = {isa = PBXFileReference; lastKnownFileType = sourcecode.swift; path = AppDelegate.swift; sourceTree = "<group>"; };
		9FBA6F141AAD39A800F1EB4C /* Base */ = {isa = PBXFileReference; lastKnownFileType = file.storyboard; name = Base; path = Base.lproj/Main.storyboard; sourceTree = "<group>"; };
		9FBA6F161AAD39A800F1EB4C /* Images.xcassets */ = {isa = PBXFileReference; lastKnownFileType = folder.assetcatalog; path = Images.xcassets; sourceTree = "<group>"; };
		9FBA6F191AAD39A800F1EB4C /* Base */ = {isa = PBXFileReference; lastKnownFileType = file.xib; name = Base; path = Base.lproj/LaunchScreen.xib; sourceTree = "<group>"; };
		9FBA6F1F1AAD39A800F1EB4C /* LabFourTests.xctest */ = {isa = PBXFileReference; explicitFileType = wrapper.cfbundle; includeInIndex = 0; path = LabFourTests.xctest; sourceTree = BUILT_PRODUCTS_DIR; };
		9FBA6F241AAD39A800F1EB4C /* Info.plist */ = {isa = PBXFileReference; lastKnownFileType = text.plist.xml; path = Info.plist; sourceTree = "<group>"; };
		9FBA6F251AAD39A800F1EB4C /* LabFourTests.swift */ = {isa = PBXFileReference; lastKnownFileType = sourcecode.swift; path = LabFourTests.swift; sourceTree = "<group>"; };
		9FBA6F2F1AAD3C0900F1EB4C /* FaceViewController.swift */ = {isa = PBXFileReference; fileEncoding = 4; lastKnownFileType = sourcecode.swift; path = FaceViewController.swift; sourceTree = "<group>"; };
/* End PBXFileReference section */

/* Begin PBXFrameworksBuildPhase section */
		9FBA6F071AAD39A700F1EB4C /* Frameworks */ = {
			isa = PBXFrameworksBuildPhase;
			buildActionMask = 2147483647;
			files = (
			);
			runOnlyForDeploymentPostprocessing = 0;
		};
		9FBA6F1C1AAD39A800F1EB4C /* Frameworks */ = {
			isa = PBXFrameworksBuildPhase;
			buildActionMask = 2147483647;
			files = (
			);
			runOnlyForDeploymentPostprocessing = 0;
		};
/* End PBXFrameworksBuildPhase section */

/* Begin PBXGroup section */
		9FBA6F011AAD39A700F1EB4C = {
			isa = PBXGroup;
			children = (
				9FBA6F0C1AAD39A800F1EB4C /* LabFour */,
				9FBA6F221AAD39A800F1EB4C /* LabFourTests */,
				9FBA6F0B1AAD39A800F1EB4C /* Products */,
			);
			sourceTree = "<group>";
		};
		9FBA6F0B1AAD39A800F1EB4C /* Products */ = {
			isa = PBXGroup;
			children = (
				9FBA6F0A1AAD39A800F1EB4C /* LabFour.app */,
				9FBA6F1F1AAD39A800F1EB4C /* LabFourTests.xctest */,
			);
			name = Products;
			sourceTree = "<group>";
		};
		9FBA6F0C1AAD39A800F1EB4C /* LabFour */ = {
			isa = PBXGroup;
			children = (
				9FBA6F0F1AAD39A800F1EB4C /* AppDelegate.swift */,
				9FBA6F2F1AAD3C0900F1EB4C /* FaceViewController.swift */,
				9FBA6F131AAD39A800F1EB4C /* Main.storyboard */,
				9FAB50151AB92A9900D8500E /* HeartRateViewController.swift */,
				9FBA6F161AAD39A800F1EB4C /* Images.xcassets */,
				9FBA6F181AAD39A800F1EB4C /* LaunchScreen.xib */,
				9FBA6F0D1AAD39A800F1EB4C /* Supporting Files */,
			);
			path = LabFour;
			sourceTree = "<group>";
		};
		9FBA6F0D1AAD39A800F1EB4C /* Supporting Files */ = {
			isa = PBXGroup;
			children = (
				9FAB50171AB92BA400D8500E /* VideoAnalgesic.swift */,
				9FBA6F0E1AAD39A800F1EB4C /* Info.plist */,
			);
			name = "Supporting Files";
			sourceTree = "<group>";
		};
		9FBA6F221AAD39A800F1EB4C /* LabFourTests */ = {
			isa = PBXGroup;
			children = (
				9FBA6F251AAD39A800F1EB4C /* LabFourTests.swift */,
				9FBA6F231AAD39A800F1EB4C /* Supporting Files */,
			);
			path = LabFourTests;
			sourceTree = "<group>";
		};
		9FBA6F231AAD39A800F1EB4C /* Supporting Files */ = {
			isa = PBXGroup;
			children = (
				9FBA6F241AAD39A800F1EB4C /* Info.plist */,
			);
			name = "Supporting Files";
			sourceTree = "<group>";
		};
/* End PBXGroup section */

/* Begin PBXNativeTarget section */
		9FBA6F091AAD39A700F1EB4C /* LabFour */ = {
			isa = PBXNativeTarget;
			buildConfigurationList = 9FBA6F291AAD39A800F1EB4C /* Build configuration list for PBXNativeTarget "LabFour" */;
			buildPhases = (
				9FBA6F061AAD39A700F1EB4C /* Sources */,
				9FBA6F071AAD39A700F1EB4C /* Frameworks */,
				9FBA6F081AAD39A700F1EB4C /* Resources */,
			);
			buildRules = (
			);
			dependencies = (
			);
			name = LabFour;
			productName = LabFour;
			productReference = 9FBA6F0A1AAD39A800F1EB4C /* LabFour.app */;
			productType = "com.apple.product-type.application";
		};
		9FBA6F1E1AAD39A800F1EB4C /* LabFourTests */ = {
			isa = PBXNativeTarget;
			buildConfigurationList = 9FBA6F2C1AAD39A800F1EB4C /* Build configuration list for PBXNativeTarget "LabFourTests" */;
			buildPhases = (
				9FBA6F1B1AAD39A800F1EB4C /* Sources */,
				9FBA6F1C1AAD39A800F1EB4C /* Frameworks */,
				9FBA6F1D1AAD39A800F1EB4C /* Resources */,
			);
			buildRules = (
			);
			dependencies = (
				9FBA6F211AAD39A800F1EB4C /* PBXTargetDependency */,
			);
			name = LabFourTests;
			productName = LabFourTests;
			productReference = 9FBA6F1F1AAD39A800F1EB4C /* LabFourTests.xctest */;
			productType = "com.apple.product-type.bundle.unit-test";
		};
/* End PBXNativeTarget section */

/* Begin PBXProject section */
		9FBA6F021AAD39A700F1EB4C /* Project object */ = {
			isa = PBXProject;
			attributes = {
				LastUpgradeCheck = 0610;
				ORGANIZATIONNAME = Microsloths;
				TargetAttributes = {
					9FBA6F091AAD39A700F1EB4C = {
						CreatedOnToolsVersion = 6.1.1;
					};
					9FBA6F1E1AAD39A800F1EB4C = {
						CreatedOnToolsVersion = 6.1.1;
						TestTargetID = 9FBA6F091AAD39A700F1EB4C;
					};
				};
			};
			buildConfigurationList = 9FBA6F051AAD39A700F1EB4C /* Build configuration list for PBXProject "LabFour" */;
			compatibilityVersion = "Xcode 3.2";
			developmentRegion = English;
			hasScannedForEncodings = 0;
			knownRegions = (
				en,
				Base,
			);
			mainGroup = 9FBA6F011AAD39A700F1EB4C;
			productRefGroup = 9FBA6F0B1AAD39A800F1EB4C /* Products */;
			projectDirPath = "";
			projectRoot = "";
			targets = (
				9FBA6F091AAD39A700F1EB4C /* LabFour */,
				9FBA6F1E1AAD39A800F1EB4C /* LabFourTests */,
			);
		};
/* End PBXProject section */

/* Begin PBXResourcesBuildPhase section */
		9FBA6F081AAD39A700F1EB4C /* Resources */ = {
			isa = PBXResourcesBuildPhase;
			buildActionMask = 2147483647;
			files = (
				9FBA6F151AAD39A800F1EB4C /* Main.storyboard in Resources */,
				9FBA6F1A1AAD39A800F1EB4C /* LaunchScreen.xib in Resources */,
				9FBA6F171AAD39A800F1EB4C /* Images.xcassets in Resources */,
			);
			runOnlyForDeploymentPostprocessing = 0;
		};
		9FBA6F1D1AAD39A800F1EB4C /* Resources */ = {
			isa = PBXResourcesBuildPhase;
			buildActionMask = 2147483647;
			files = (
			);
			runOnlyForDeploymentPostprocessing = 0;
		};
/* End PBXResourcesBuildPhase section */

/* Begin PBXSourcesBuildPhase section */
		9FBA6F061AAD39A700F1EB4C /* Sources */ = {
			isa = PBXSourcesBuildPhase;
			buildActionMask = 2147483647;
			files = (
				9FBA6F301AAD3C0900F1EB4C /* FaceViewController.swift in Sources */,
				9FAB50181AB92BA400D8500E /* VideoAnalgesic.swift in Sources */,
				9FBA6F101AAD39A800F1EB4C /* AppDelegate.swift in Sources */,
				9FAB50161AB92A9900D8500E /* HeartRateViewController.swift in Sources */,
			);
			runOnlyForDeploymentPostprocessing = 0;
		};
		9FBA6F1B1AAD39A800F1EB4C /* Sources */ = {
			isa = PBXSourcesBuildPhase;
			buildActionMask = 2147483647;
			files = (
				9FBA6F261AAD39A800F1EB4C /* LabFourTests.swift in Sources */,
			);
			runOnlyForDeploymentPostprocessing = 0;
		};
/* End PBXSourcesBuildPhase section */

/* Begin PBXTargetDependency section */
		9FBA6F211AAD39A800F1EB4C /* PBXTargetDependency */ = {
			isa = PBXTargetDependency;
			target = 9FBA6F091AAD39A700F1EB4C /* LabFour */;
			targetProxy = 9FBA6F201AAD39A800F1EB4C /* PBXContainerItemProxy */;
		};
/* End PBXTargetDependency section */

/* Begin PBXVariantGroup section */
		9FBA6F131AAD39A800F1EB4C /* Main.storyboard */ = {
			isa = PBXVariantGroup;
			children = (
				9FBA6F141AAD39A800F1EB4C /* Base */,
			);
			name = Main.storyboard;
			sourceTree = "<group>";
		};
		9FBA6F181AAD39A800F1EB4C /* LaunchScreen.xib */ = {
			isa = PBXVariantGroup;
			children = (
				9FBA6F191AAD39A800F1EB4C /* Base */,
			);
			name = LaunchScreen.xib;
			sourceTree = "<group>";
		};
/* End PBXVariantGroup section */

/* Begin XCBuildConfiguration section */
		9FBA6F271AAD39A800F1EB4C /* Debug */ = {
			isa = XCBuildConfiguration;
			buildSettings = {
				ALWAYS_SEARCH_USER_PATHS = NO;
				CLANG_CXX_LANGUAGE_STANDARD = "gnu++0x";
				CLANG_CXX_LIBRARY = "libc++";
				CLANG_ENABLE_MODULES = YES;
				CLANG_ENABLE_OBJC_ARC = YES;
				CLANG_WARN_BOOL_CONVERSION = YES;
				CLANG_WARN_CONSTANT_CONVERSION = YES;
				CLANG_WARN_DIRECT_OBJC_ISA_USAGE = YES_ERROR;
				CLANG_WARN_EMPTY_BODY = YES;
				CLANG_WARN_ENUM_CONVERSION = YES;
				CLANG_WARN_INT_CONVERSION = YES;
				CLANG_WARN_OBJC_ROOT_CLASS = YES_ERROR;
				CLANG_WARN_UNREACHABLE_CODE = YES;
				CLANG_WARN__DUPLICATE_METHOD_MATCH = YES;
				"CODE_SIGN_IDENTITY[sdk=iphoneos*]" = "iPhone Developer";
				COPY_PHASE_STRIP = NO;
				ENABLE_STRICT_OBJC_MSGSEND = YES;
				GCC_C_LANGUAGE_STANDARD = gnu99;
				GCC_DYNAMIC_NO_PIC = NO;
				GCC_OPTIMIZATION_LEVEL = 0;
				GCC_PREPROCESSOR_DEFINITIONS = (
					"DEBUG=1",
					"$(inherited)",
				);
				GCC_SYMBOLS_PRIVATE_EXTERN = NO;
				GCC_WARN_64_TO_32_BIT_CONVERSION = YES;
				GCC_WARN_ABOUT_RETURN_TYPE = YES_ERROR;
				GCC_WARN_UNDECLARED_SELECTOR = YES;
				GCC_WARN_UNINITIALIZED_AUTOS = YES_AGGRESSIVE;
				GCC_WARN_UNUSED_FUNCTION = YES;
				GCC_WARN_UNUSED_VARIABLE = YES;
				IPHONEOS_DEPLOYMENT_TARGET = 8.1;
				MTL_ENABLE_DEBUG_INFO = YES;
				ONLY_ACTIVE_ARCH = YES;
				SDKROOT = iphoneos;
				SWIFT_OPTIMIZATION_LEVEL = "-Onone";
			};
			name = Debug;
		};
		9FBA6F281AAD39A800F1EB4C /* Release */ = {
			isa = XCBuildConfiguration;
			buildSettings = {
				ALWAYS_SEARCH_USER_PATHS = NO;
				CLANG_CXX_LANGUAGE_STANDARD = "gnu++0x";
				CLANG_CXX_LIBRARY = "libc++";
				CLANG_ENABLE_MODULES = YES;
				CLANG_ENABLE_OBJC_ARC = YES;
				CLANG_WARN_BOOL_CONVERSION = YES;
				CLANG_WARN_CONSTANT_CONVERSION = YES;
				CLANG_WARN_DIRECT_OBJC_ISA_USAGE = YES_ERROR;
				CLANG_WARN_EMPTY_BODY = YES;
				CLANG_WARN_ENUM_CONVERSION = YES;
				CLANG_WARN_INT_CONVERSION = YES;
				CLANG_WARN_OBJC_ROOT_CLASS = YES_ERROR;
				CLANG_WARN_UNREACHABLE_CODE = YES;
				CLANG_WARN__DUPLICATE_METHOD_MATCH = YES;
				"CODE_SIGN_IDENTITY[sdk=iphoneos*]" = "iPhone Developer";
				COPY_PHASE_STRIP = YES;
				ENABLE_NS_ASSERTIONS = NO;
				ENABLE_STRICT_OBJC_MSGSEND = YES;
				GCC_C_LANGUAGE_STANDARD = gnu99;
				GCC_WARN_64_TO_32_BIT_CONVERSION = YES;
				GCC_WARN_ABOUT_RETURN_TYPE = YES_ERROR;
				GCC_WARN_UNDECLARED_SELECTOR = YES;
				GCC_WARN_UNINITIALIZED_AUTOS = YES_AGGRESSIVE;
				GCC_WARN_UNUSED_FUNCTION = YES;
				GCC_WARN_UNUSED_VARIABLE = YES;
				IPHONEOS_DEPLOYMENT_TARGET = 8.1;
				MTL_ENABLE_DEBUG_INFO = NO;
				SDKROOT = iphoneos;
				VALIDATE_PRODUCT = YES;
			};
			name = Release;
		};
		9FBA6F2A1AAD39A800F1EB4C /* Debug */ = {
			isa = XCBuildConfiguration;
			buildSettings = {
				ASSETCATALOG_COMPILER_APPICON_NAME = AppIcon;
				INFOPLIST_FILE = LabFour/Info.plist;
				LD_RUNPATH_SEARCH_PATHS = "$(inherited) @executable_path/Frameworks";
				PRODUCT_NAME = "$(TARGET_NAME)";
			};
			name = Debug;
		};
		9FBA6F2B1AAD39A800F1EB4C /* Release */ = {
			isa = XCBuildConfiguration;
			buildSettings = {
				ASSETCATALOG_COMPILER_APPICON_NAME = AppIcon;
				INFOPLIST_FILE = LabFour/Info.plist;
				LD_RUNPATH_SEARCH_PATHS = "$(inherited) @executable_path/Frameworks";
				PRODUCT_NAME = "$(TARGET_NAME)";
			};
			name = Release;
		};
		9FBA6F2D1AAD39A800F1EB4C /* Debug */ = {
			isa = XCBuildConfiguration;
			buildSettings = {
				BUNDLE_LOADER = "$(TEST_HOST)";
				FRAMEWORK_SEARCH_PATHS = (
					"$(SDKROOT)/Developer/Library/Frameworks",
					"$(inherited)",
				);
				GCC_PREPROCESSOR_DEFINITIONS = (
					"DEBUG=1",
					"$(inherited)",
				);
				INFOPLIST_FILE = LabFourTests/Info.plist;
				LD_RUNPATH_SEARCH_PATHS = "$(inherited) @executable_path/Frameworks @loader_path/Frameworks";
				PRODUCT_NAME = "$(TARGET_NAME)";
				TEST_HOST = "$(BUILT_PRODUCTS_DIR)/LabFour.app/LabFour";
			};
			name = Debug;
		};
		9FBA6F2E1AAD39A800F1EB4C /* Release */ = {
			isa = XCBuildConfiguration;
			buildSettings = {
				BUNDLE_LOADER = "$(TEST_HOST)";
				FRAMEWORK_SEARCH_PATHS = (
					"$(SDKROOT)/Developer/Library/Frameworks",
					"$(inherited)",
				);
				INFOPLIST_FILE = LabFourTests/Info.plist;
				LD_RUNPATH_SEARCH_PATHS = "$(inherited) @executable_path/Frameworks @loader_path/Frameworks";
				PRODUCT_NAME = "$(TARGET_NAME)";
				TEST_HOST = "$(BUILT_PRODUCTS_DIR)/LabFour.app/LabFour";
			};
			name = Release;
		};
/* End XCBuildConfiguration section */

/* Begin XCConfigurationList section */
		9FBA6F051AAD39A700F1EB4C /* Build configuration list for PBXProject "LabFour" */ = {
			isa = XCConfigurationList;
			buildConfigurations = (
				9FBA6F271AAD39A800F1EB4C /* Debug */,
				9FBA6F281AAD39A800F1EB4C /* Release */,
			);
			defaultConfigurationIsVisible = 0;
			defaultConfigurationName = Release;
		};
		9FBA6F291AAD39A800F1EB4C /* Build configuration list for PBXNativeTarget "LabFour" */ = {
			isa = XCConfigurationList;
			buildConfigurations = (
				9FBA6F2A1AAD39A800F1EB4C /* Debug */,
				9FBA6F2B1AAD39A800F1EB4C /* Release */,
			);
			defaultConfigurationIsVisible = 0;
			defaultConfigurationName = Release;
		};
		9FBA6F2C1AAD39A800F1EB4C /* Build configuration list for PBXNativeTarget "LabFourTests" */ = {
			isa = XCConfigurationList;
			buildConfigurations = (
				9FBA6F2D1AAD39A800F1EB4C /* Debug */,
				9FBA6F2E1AAD39A800F1EB4C /* Release */,
			);
			defaultConfigurationIsVisible = 0;
			defaultConfigurationName = Release;
		};
/* End XCConfigurationList section */
	};
	rootObject = 9FBA6F021AAD39A700F1EB4C /* Project object */;
}
